{
  "name": "@teqfw/github-flows",
  "version": "0.2.0",
  "lockfileVersion": 3,
  "requires": true,
  "packages": {
    "": {
      "name": "@teqfw/github-flows",
      "version": "0.2.0",
      "license": "Apache-2.0",
      "dependencies": {
        "@flancer32/teq-web": "^0.10.0"
      },
      "devDependencies": {
        "@types/node": "*"
      },
      "engines": {
        "node": ">= 20"
      }
    },
    "node_modules/@flancer32/teq-web": {
      "version": "0.10.0",
      "resolved": "https://registry.npmjs.org/@flancer32/teq-web/-/teq-web-0.10.0.tgz",
      "integrity": "sha512-FpoPJmbcg/c1bjkrA9r4MrC0pJYltlBqLnDh8075Y5Y8IwUh2WJmU85Qn/DGjnI1/AhH4ej5P4a/fuVK5VHj5g==",
      "license": "Apache-2.0",
      "dependencies": {
        "@teqfw/di": "^2.4.0"
      },
      "engines": {
        "node": ">=20"
      }
    },
    "node_modules/@teqfw/di": {
      "version": "2.4.0",
      "resolved": "git+ssh://git@github.com/teqfw/di.git#7c6d21316e9c28ae110cdd488e6254965e783da2",
      "license": "Apache-2.0",
      "engines": {
        "node": ">=20"
      },
      "funding": {
        "type": "individual",
        "url": "https://github.com/sponsors/teqfw"
      }
    },
    "node_modules/@types/node": {
      "version": "25.5.0",
      "resolved": "https://registry.npmjs.org/@types/node/-/node-25.5.0.tgz",
      "integrity": "sha512-jp2P3tQMSxWugkCUKLRPVUpGaL5MVFwF8RDuSRztfwgN1wmqJeMSbKlnEtQqU8UrhTmzEmZdu2I6v2dpp7XIxw==",
      "dev": true,
      "license": "MIT",
      "dependencies": {
        "undici-types": "~7.18.0"
      }
    },
    "node_modules/undici-types": {
      "version": "7.18.2",
      "resolved": "https://registry.npmjs.org/undici-types/-/undici-types-7.18.2.tgz",
      "integrity": "sha512-AsuCzffGHJybSaRrmr5eHr81mwJU3kjw6M+uprWvCXiNeN9SOGwQ3Jn8jb8m3Z6izVgknn1R0FTCEAP2QrLY/w==",
      "dev": true,
      "license": "MIT"
    }
  }
}
